
Microsoft Visual Studio Solution File, Format Version 12.00
# Visual Studio 2012
Project("{FAE04EC0-301F-11D3-BF4B-00C04F79EFBC}") = "Curso.Net", "Curso.Net\Curso.Net.csproj", "{D5EBFBAA-954B-4FCA-A2BE-2313F3E77E1E}"
EndProject
Project("{FAE04EC0-301F-11D3-BF4B-00C04F79EFBC}") = "Class01_if", "Class01_if\Class01_if.csproj", "{09B37D8D-C659-40BB-BEC0-E7E513FB26E8}"
EndProject
Project("{FAE04EC0-301F-11D3-BF4B-00C04F79EFBC}") = "Class02_loop", "Class02_loop\Class02_loop.csproj", "{445292E5-04C0-4ACE-9219-751E9ED752BE}"
EndProject
Project("{FAE04EC0-301F-11D3-BF4B-00C04F79EFBC}") = "Class03_ExceptionHandling", "Class03_ExceptionHandling\Class03_ExceptionHandling.csproj", "{3B72BEEE-AD02-4021-9840-69B0BDBD1B43}"
EndProject
Project("{FAE04EC0-301F-11D3-BF4B-00C04F79EFBC}") = "Class04_OO", "Class04_OO\Class04_OO.csproj", "{BC595F8D-FA17-4173-A603-15647ED6F6F0}"
EndProject
Project("{FAE04EC0-301F-11D3-BF4B-00C04F79EFBC}") = "Class05_EventsDelegates", "Class05_EventsDelegates\Class05_EventsDelegates.csproj", "{598291CE-4209-4810-9E74-1D5533358095}"
EndProject
Project("{FAE04EC0-301F-11D3-BF4B-00C04F79EFBC}") = "Class05_EventDelegate", "Class05_EventDelegate\Class05_EventDelegate.csproj", "{EED8097E-9353-4671-B30A-7BABC0580BF1}"
EndProject
Project("{FAE04EC0-301F-11D3-BF4B-00C04F79EFBC}") = "Class06_Static", "Class06_Static\Class06_Static.csproj", "{71FCA89C-B97C-49FD-BE6A-4D01237D0CB5}"
EndProject
Project("{FAE04EC0-301F-11D3-BF4B-00C04F79EFBC}") = "Class07_Inheritance", "Class07_Inheritance\Class07_Inheritance.csproj", "{C8DA161C-3466-45C3-B90D-EC168482BBB8}"
EndProject
Project("{FAE04EC0-301F-11D3-BF4B-00C04F79EFBC}") = "Class08_Polymorphism", "Class08_Polymorphism\Class08_Polymorphism.csproj", "{77E07ED3-195D-4445-9D9E-0FCD33E73BE5}"
EndProject
Project("{FAE04EC0-301F-11D3-BF4B-00C04F79EFBC}") = "Class09_Interfaces", "Class09_Interfaces\Class09_Interfaces.csproj", "{E902F45F-E59A-453A-B1BD-9BD94B927E30}"
EndProject
Project("{FAE04EC0-301F-11D3-BF4B-00C04F79EFBC}") = "Class10_Html", "Class10_Html\Class10_Html.csproj", "{48EB0BC7-5A7B-46A5-B907-BA58B860EEA7}"
EndProject
Project("{FAE04EC0-301F-11D3-BF4B-00C04F79EFBC}") = "Class11_jquery", "Class11_jquery\Class11_jquery.csproj", "{1850FC01-EF6D-4E61-ADA3-84E0AD42D7AA}"
EndProject
Project("{FAE04EC0-301F-11D3-BF4B-00C04F79EFBC}") = "Class12_MVC", "Class12_MVC\Class12_MVC.csproj", "{32DB3CFB-1B1C-463D-BA34-BA49C1DAF41C}"
EndProject
Project("{FAE04EC0-301F-11D3-BF4B-00C04F79EFBC}") = "Class13_MVC", "Class13_MVC\Class13_MVC.csproj", "{F2023D33-8DE3-4E0C-A55D-7D3C122D559A}"
EndProject
Project("{FAE04EC0-301F-11D3-BF4B-00C04F79EFBC}") = "Class11_Bootstrap", "Class11_Bootstrap\Class11_Bootstrap.csproj", "{7863E9DE-C26E-4264-BE62-235EFA455415}"
EndProject
Project("{FAE04EC0-301F-11D3-BF4B-00C04F79EFBC}") = "Class14_MVC", "Class14_MVC\Class14_MVC.csproj", "{B6FFF813-BCF7-420C-AC97-24AD3FBA6BED}"
EndProject
Project("{FAE04EC0-301F-11D3-BF4B-00C04F79EFBC}") = "Class15_Todo", "Class15_Todo\Class15_Todo.csproj", "{2CAAD6CE-27CF-4142-8BB9-6054D6084903}"
EndProject
Project("{FAE04EC0-301F-11D3-BF4B-00C04F79EFBC}") = "Class15_Todo.Tests", "Class15_Todo.Tests\Class15_Todo.Tests.csproj", "{2D931223-FA18-49CB-8EF0-B782EF149702}"
EndProject
Project("{2150E333-8FDC-42A3-9474-1A3956D46DE8}") = ".nuget", ".nuget", "{0C3178B4-A2D8-4256-916F-B589E9E18C21}"
	ProjectSection(SolutionItems) = preProject
		.nuget\NuGet.Config = .nuget\NuGet.Config
		.nuget\NuGet.exe = .nuget\NuGet.exe
		.nuget\NuGet.targets = .nuget\NuGet.targets
	EndProjectSection
EndProject
Global
	GlobalSection(SolutionConfigurationPlatforms) = preSolution
		Debug|Any CPU = Debug|Any CPU
		Release|Any CPU = Release|Any CPU
	EndGlobalSection
	GlobalSection(ProjectConfigurationPlatforms) = postSolution
		{D5EBFBAA-954B-4FCA-A2BE-2313F3E77E1E}.Debug|Any CPU.ActiveCfg = Debug|Any CPU
		{D5EBFBAA-954B-4FCA-A2BE-2313F3E77E1E}.Debug|Any CPU.Build.0 = Debug|Any CPU
		{D5EBFBAA-954B-4FCA-A2BE-2313F3E77E1E}.Release|Any CPU.ActiveCfg = Release|Any CPU
		{D5EBFBAA-954B-4FCA-A2BE-2313F3E77E1E}.Release|Any CPU.Build.0 = Release|Any CPU
		{09B37D8D-C659-40BB-BEC0-E7E513FB26E8}.Debug|Any CPU.ActiveCfg = Debug|Any CPU
		{09B37D8D-C659-40BB-BEC0-E7E513FB26E8}.Debug|Any CPU.Build.0 = Debug|Any CPU
		{09B37D8D-C659-40BB-BEC0-E7E513FB26E8}.Release|Any CPU.ActiveCfg = Release|Any CPU
		{09B37D8D-C659-40BB-BEC0-E7E513FB26E8}.Release|Any CPU.Build.0 = Release|Any CPU
		{445292E5-04C0-4ACE-9219-751E9ED752BE}.Debug|Any CPU.ActiveCfg = Debug|Any CPU
		{445292E5-04C0-4ACE-9219-751E9ED752BE}.Debug|Any CPU.Build.0 = Debug|Any CPU
		{445292E5-04C0-4ACE-9219-751E9ED752BE}.Release|Any CPU.ActiveCfg = Release|Any CPU
		{445292E5-04C0-4ACE-9219-751E9ED752BE}.Release|Any CPU.Build.0 = Release|Any CPU
		{3B72BEEE-AD02-4021-9840-69B0BDBD1B43}.Debug|Any CPU.ActiveCfg = Debug|Any CPU
		{3B72BEEE-AD02-4021-9840-69B0BDBD1B43}.Debug|Any CPU.Build.0 = Debug|Any CPU
		{3B72BEEE-AD02-4021-9840-69B0BDBD1B43}.Release|Any CPU.ActiveCfg = Release|Any CPU
		{3B72BEEE-AD02-4021-9840-69B0BDBD1B43}.Release|Any CPU.Build.0 = Release|Any CPU
		{BC595F8D-FA17-4173-A603-15647ED6F6F0}.Debug|Any CPU.ActiveCfg = Debug|Any CPU
		{BC595F8D-FA17-4173-A603-15647ED6F6F0}.Debug|Any CPU.Build.0 = Debug|Any CPU
		{BC595F8D-FA17-4173-A603-15647ED6F6F0}.Release|Any CPU.ActiveCfg = Release|Any CPU
		{BC595F8D-FA17-4173-A603-15647ED6F6F0}.Release|Any CPU.Build.0 = Release|Any CPU
		{598291CE-4209-4810-9E74-1D5533358095}.Debug|Any CPU.ActiveCfg = Debug|Any CPU
		{598291CE-4209-4810-9E74-1D5533358095}.Debug|Any CPU.Build.0 = Debug|Any CPU
		{598291CE-4209-4810-9E74-1D5533358095}.Release|Any CPU.ActiveCfg = Release|Any CPU
		{598291CE-4209-4810-9E74-1D5533358095}.Release|Any CPU.Build.0 = Release|Any CPU
		{EED8097E-9353-4671-B30A-7BABC0580BF1}.Debug|Any CPU.ActiveCfg = Debug|Any CPU
		{EED8097E-9353-4671-B30A-7BABC0580BF1}.Debug|Any CPU.Build.0 = Debug|Any CPU
		{EED8097E-9353-4671-B30A-7BABC0580BF1}.Release|Any CPU.ActiveCfg = Release|Any CPU
		{EED8097E-9353-4671-B30A-7BABC0580BF1}.Release|Any CPU.Build.0 = Release|Any CPU
		{71FCA89C-B97C-49FD-BE6A-4D01237D0CB5}.Debug|Any CPU.ActiveCfg = Debug|Any CPU
		{71FCA89C-B97C-49FD-BE6A-4D01237D0CB5}.Debug|Any CPU.Build.0 = Debug|Any CPU
		{71FCA89C-B97C-49FD-BE6A-4D01237D0CB5}.Release|Any CPU.ActiveCfg = Release|Any CPU
		{71FCA89C-B97C-49FD-BE6A-4D01237D0CB5}.Release|Any CPU.Build.0 = Release|Any CPU
		{C8DA161C-3466-45C3-B90D-EC168482BBB8}.Debug|Any CPU.ActiveCfg = Debug|Any CPU
		{C8DA161C-3466-45C3-B90D-EC168482BBB8}.Debug|Any CPU.Build.0 = Debug|Any CPU
		{C8DA161C-3466-45C3-B90D-EC168482BBB8}.Release|Any CPU.ActiveCfg = Release|Any CPU
		{C8DA161C-3466-45C3-B90D-EC168482BBB8}.Release|Any CPU.Build.0 = Release|Any CPU
		{77E07ED3-195D-4445-9D9E-0FCD33E73BE5}.Debug|Any CPU.ActiveCfg = Debug|Any CPU
		{77E07ED3-195D-4445-9D9E-0FCD33E73BE5}.Debug|Any CPU.Build.0 = Debug|Any CPU
		{77E07ED3-195D-4445-9D9E-0FCD33E73BE5}.Release|Any CPU.ActiveCfg = Release|Any CPU
		{77E07ED3-195D-4445-9D9E-0FCD33E73BE5}.Release|Any CPU.Build.0 = Release|Any CPU
		{E902F45F-E59A-453A-B1BD-9BD94B927E30}.Debug|Any CPU.ActiveCfg = Debug|Any CPU
		{E902F45F-E59A-453A-B1BD-9BD94B927E30}.Debug|Any CPU.Build.0 = Debug|Any CPU
		{E902F45F-E59A-453A-B1BD-9BD94B927E30}.Release|Any CPU.ActiveCfg = Release|Any CPU
		{E902F45F-E59A-453A-B1BD-9BD94B927E30}.Release|Any CPU.Build.0 = Release|Any CPU
		{48EB0BC7-5A7B-46A5-B907-BA58B860EEA7}.Debug|Any CPU.ActiveCfg = Debug|Any CPU
		{48EB0BC7-5A7B-46A5-B907-BA58B860EEA7}.Debug|Any CPU.Build.0 = Debug|Any CPU
		{48EB0BC7-5A7B-46A5-B907-BA58B860EEA7}.Release|Any CPU.ActiveCfg = Release|Any CPU
		{48EB0BC7-5A7B-46A5-B907-BA58B860EEA7}.Release|Any CPU.Build.0 = Release|Any CPU
		{1850FC01-EF6D-4E61-ADA3-84E0AD42D7AA}.Debug|Any CPU.ActiveCfg = Debug|Any CPU
		{1850FC01-EF6D-4E61-ADA3-84E0AD42D7AA}.Debug|Any CPU.Build.0 = Debug|Any CPU
		{1850FC01-EF6D-4E61-ADA3-84E0AD42D7AA}.Release|Any CPU.ActiveCfg = Release|Any CPU
		{1850FC01-EF6D-4E61-ADA3-84E0AD42D7AA}.Release|Any CPU.Build.0 = Release|Any CPU
		{32DB3CFB-1B1C-463D-BA34-BA49C1DAF41C}.Debug|Any CPU.ActiveCfg = Debug|Any CPU
		{32DB3CFB-1B1C-463D-BA34-BA49C1DAF41C}.Debug|Any CPU.Build.0 = Debug|Any CPU
		{32DB3CFB-1B1C-463D-BA34-BA49C1DAF41C}.Release|Any CPU.ActiveCfg = Release|Any CPU
		{32DB3CFB-1B1C-463D-BA34-BA49C1DAF41C}.Release|Any CPU.Build.0 = Release|Any CPU
		{F2023D33-8DE3-4E0C-A55D-7D3C122D559A}.Debug|Any CPU.ActiveCfg = Debug|Any CPU
		{F2023D33-8DE3-4E0C-A55D-7D3C122D559A}.Debug|Any CPU.Build.0 = Debug|Any CPU
		{F2023D33-8DE3-4E0C-A55D-7D3C122D559A}.Release|Any CPU.ActiveCfg = Release|Any CPU
		{F2023D33-8DE3-4E0C-A55D-7D3C122D559A}.Release|Any CPU.Build.0 = Release|Any CPU
		{7863E9DE-C26E-4264-BE62-235EFA455415}.Debug|Any CPU.ActiveCfg = Debug|Any CPU
		{7863E9DE-C26E-4264-BE62-235EFA455415}.Debug|Any CPU.Build.0 = Debug|Any CPU
		{7863E9DE-C26E-4264-BE62-235EFA455415}.Release|Any CPU.ActiveCfg = Release|Any CPU
		{7863E9DE-C26E-4264-BE62-235EFA455415}.Release|Any CPU.Build.0 = Release|Any CPU
		{B6FFF813-BCF7-420C-AC97-24AD3FBA6BED}.Debug|Any CPU.ActiveCfg = Debug|Any CPU
		{B6FFF813-BCF7-420C-AC97-24AD3FBA6BED}.Debug|Any CPU.Build.0 = Debug|Any CPU
		{B6FFF813-BCF7-420C-AC97-24AD3FBA6BED}.Release|Any CPU.ActiveCfg = Release|Any CPU
		{B6FFF813-BCF7-420C-AC97-24AD3FBA6BED}.Release|Any CPU.Build.0 = Release|Any CPU
		{2CAAD6CE-27CF-4142-8BB9-6054D6084903}.Debug|Any CPU.ActiveCfg = Debug|Any CPU
		{2CAAD6CE-27CF-4142-8BB9-6054D6084903}.Debug|Any CPU.Build.0 = Debug|Any CPU
		{2CAAD6CE-27CF-4142-8BB9-6054D6084903}.Release|Any CPU.ActiveCfg = Release|Any CPU
		{2CAAD6CE-27CF-4142-8BB9-6054D6084903}.Release|Any CPU.Build.0 = Release|Any CPU
		{2D931223-FA18-49CB-8EF0-B782EF149702}.Debug|Any CPU.ActiveCfg = Debug|Any CPU
		{2D931223-FA18-49CB-8EF0-B782EF149702}.Debug|Any CPU.Build.0 = Debug|Any CPU
		{2D931223-FA18-49CB-8EF0-B782EF149702}.Release|Any CPU.ActiveCfg = Release|Any CPU
		{2D931223-FA18-49CB-8EF0-B782EF149702}.Release|Any CPU.Build.0 = Release|Any CPU
	EndGlobalSection
	GlobalSection(SolutionProperties) = preSolution
		HideSolutionNode = FALSE
	EndGlobalSection
EndGlobal
